github.com/grafov/m3u8 v0.11.1 h1:igZ7EBIB2IAsPPazKwRKdbhxcoBKO3lO1UY57PZDeNA=
github.com/grafov/m3u8 v0.11.1/go.mod h1:nqzOkfBiZJENr52zTVd/Dcl03yzphIMbJqkXGu+u080=
github.com/greyh4t/hackpool v0.0.0-20191120100609-51933d886f89 h1:RsMXskATFKq/IOOmzPSD0UL6xQeLx5znsBwgZlxgQqQ=
github.com/greyh4t/hackpool v0.0.0-20191120100609-51933d886f89/go.mod h1:Jw80xlqkuNer3FOzTRThn5AdcgLE9g1EYnT4cmN3C6M=
